Microsoft Visual Studio Solution File, Format Version 12.00
# Visual Studio Express 2012 for Windows Desktop
Project("{8BC9CEB8-8B4A-11D0-8D11-00A0C91BC942}") = "bspc", "bspc.vcxproj", "{4E4EBC16-F345-4667-84E1-86633BAFDAE6}"
EndProject
Global
	GlobalSection(SolutionConfigurationPlatforms) = preSolution
		Debug|Win32 = Debug|Win32
		Release|Win32 = Release|Win32
	EndGlobalSection
	GlobalSection(ProjectConfigurationPlatforms) = postSolution
		{4E4EBC16-F345-4667-84E1-86633BAFDAE6}.Debug|Win32.ActiveCfg = Debug|Win32
		{4E4EBC16-F345-4667-84E1-86633BAFDAE6}.Debug|Win32.Build.0 = Debug|Win32
		{4E4EBC16-F345-4667-84E1-86633BAFDAE6}.Release|Win32.ActiveCfg = Release|Win32
		{4E4EBC16-F345-4667-84E1-86633BAFDAE6}.Release|Win32.Build.0 = Release|Win32
	EndGlobalSection
	GlobalSection(SolutionProperties) = preSolution
		HideSolutionNode = FALSE
	EndGlobalSection
	GlobalSection(SourceCodeControl) = preSolution
		SccNumberOfProjects = 1
		SccProjectUniqueName0 = bspc.vcproj
		SccProjectName0 = \u0022$/source/code/bspc\u0022,\u0020IGAAAAAA
		SccLocalPath0 = .
		SccProvider0 = MSSCCI:Perforce\u0020SCM
	EndGlobalSection
EndGlobal
